
Microsoft Visual Studio Solution File, Format Version 12.00
Project("{FAE04EC0-301F-11D3-BF4B-00C04F79EFBC}") = "ConsoleApp10", "ConsoleApp10\ConsoleApp10.csproj", "{7502C95A-3A75-4169-B71C-558BFCE8EF4F}"
EndProject
Project("{FAE04EC0-301F-11D3-BF4B-00C04F79EFBC}") = "TestProject1", "TestProject1\TestProject1.csproj", "{C0A18D68-0D51-4F9C-BA89-66A9C73241FF}"
EndProject
Global
	GlobalSection(SolutionConfigurationPlatforms) = preSolution
		Debug|Any CPU = Debug|Any CPU
		Release|Any CPU = Release|Any CPU
	EndGlobalSection
	GlobalSection(ProjectConfigurationPlatforms) = postSolution
		{7502C95A-3A75-4169-B71C-558BFCE8EF4F}.Debug|Any CPU.ActiveCfg = Debug|Any CPU
		{7502C95A-3A75-4169-B71C-558BFCE8EF4F}.Debug|Any CPU.Build.0 = Debug|Any CPU
		{7502C95A-3A75-4169-B71C-558BFCE8EF4F}.Release|Any CPU.ActiveCfg = Release|Any CPU
		{7502C95A-3A75-4169-B71C-558BFCE8EF4F}.Release|Any CPU.Build.0 = Release|Any CPU
		{C0A18D68-0D51-4F9C-BA89-66A9C73241FF}.Debug|Any CPU.ActiveCfg = Debug|Any CPU
		{C0A18D68-0D51-4F9C-BA89-66A9C73241FF}.Debug|Any CPU.Build.0 = Debug|Any CPU
		{C0A18D68-0D51-4F9C-BA89-66A9C73241FF}.Release|Any CPU.ActiveCfg = Release|Any CPU
		{C0A18D68-0D51-4F9C-BA89-66A9C73241FF}.Release|Any CPU.Build.0 = Release|Any CPU
	EndGlobalSection
EndGlobal
